
Microsoft Visual Studio Solution File, Format Version 12.00
# Visual Studio Version 17
VisualStudioVersion = 17.3.32901.215
MinimumVisualStudioVersion = 10.0.40219.1
Project("{9A19103F-16F7-4668-BE54-9A1E7A4F7556}") = "Foodmoji_Domain", "Foodmoji_Domain\Foodmoji_Domain.csproj", "{D7FAE5B9-ACFC-42A9-855A-15C20E1AEFA4}"
EndProject
Project("{9A19103F-16F7-4668-BE54-9A1E7A4F7556}") = "Foodmoji.Api", "Foodmoji.Api\Foodmoji.Api.csproj", "{27D00FA4-FD16-4D7E-A09C-9B4C03817B41}"
EndProject
Project("{2150E333-8FDC-42A3-9474-1A3956D46DE8}") = "Foodmoji_Api", "Foodmoji_Api", "{A7876C2E-B424-42EA-9982-3EAEC71B3600}"
EndProject
Project("{2150E333-8FDC-42A3-9474-1A3956D46DE8}") = "Domain", "Domain", "{2C28200C-7F11-4423-9D52-25B38F043DFC}"
EndProject
Project("{2150E333-8FDC-42A3-9474-1A3956D46DE8}") = "Core", "Core", "{0CE170C4-F8DA-400B-B929-9AD8EF0CF71D}"
EndProject
Project("{9A19103F-16F7-4668-BE54-9A1E7A4F7556}") = "Foodmoji_Application", "Foodmoji_Application\Foodmoji_Application.csproj", "{3A4B0F01-1BB2-4ED1-B04A-148CD1A23533}"
EndProject
Project("{2150E333-8FDC-42A3-9474-1A3956D46DE8}") = "Infastructure", "Infastructure", "{CF004E7A-6F89-4C1F-9C75-2771CC3A6D69}"
EndProject
Project("{9A19103F-16F7-4668-BE54-9A1E7A4F7556}") = "Foodmoji_Infastructure", "Foodmoji_Infastructure\Foodmoji_Infastructure.csproj", "{05A6FD74-974D-4C6D-B4FD-A1CFF7878D1D}"
EndProject
Global
	GlobalSection(SolutionConfigurationPlatforms) = preSolution
		Debug|Any CPU = Debug|Any CPU
		Release|Any CPU = Release|Any CPU
	EndGlobalSection
	GlobalSection(ProjectConfigurationPlatforms) = postSolution
		{D7FAE5B9-ACFC-42A9-855A-15C20E1AEFA4}.Debug|Any CPU.ActiveCfg = Debug|Any CPU
		{D7FAE5B9-ACFC-42A9-855A-15C20E1AEFA4}.Debug|Any CPU.Build.0 = Debug|Any CPU
		{D7FAE5B9-ACFC-42A9-855A-15C20E1AEFA4}.Release|Any CPU.ActiveCfg = Release|Any CPU
		{D7FAE5B9-ACFC-42A9-855A-15C20E1AEFA4}.Release|Any CPU.Build.0 = Release|Any CPU
		{27D00FA4-FD16-4D7E-A09C-9B4C03817B41}.Debug|Any CPU.ActiveCfg = Debug|Any CPU
		{27D00FA4-FD16-4D7E-A09C-9B4C03817B41}.Debug|Any CPU.Build.0 = Debug|Any CPU
		{27D00FA4-FD16-4D7E-A09C-9B4C03817B41}.Release|Any CPU.ActiveCfg = Release|Any CPU
		{27D00FA4-FD16-4D7E-A09C-9B4C03817B41}.Release|Any CPU.Build.0 = Release|Any CPU
		{3A4B0F01-1BB2-4ED1-B04A-148CD1A23533}.Debug|Any CPU.ActiveCfg = Debug|Any CPU
		{3A4B0F01-1BB2-4ED1-B04A-148CD1A23533}.Debug|Any CPU.Build.0 = Debug|Any CPU
		{3A4B0F01-1BB2-4ED1-B04A-148CD1A23533}.Release|Any CPU.ActiveCfg = Release|Any CPU
		{3A4B0F01-1BB2-4ED1-B04A-148CD1A23533}.Release|Any CPU.Build.0 = Release|Any CPU
		{05A6FD74-974D-4C6D-B4FD-A1CFF7878D1D}.Debug|Any CPU.ActiveCfg = Debug|Any CPU
		{05A6FD74-974D-4C6D-B4FD-A1CFF7878D1D}.Debug|Any CPU.Build.0 = Debug|Any CPU
		{05A6FD74-974D-4C6D-B4FD-A1CFF7878D1D}.Release|Any CPU.ActiveCfg = Release|Any CPU
		{05A6FD74-974D-4C6D-B4FD-A1CFF7878D1D}.Release|Any CPU.Build.0 = Release|Any CPU
	EndGlobalSection
	GlobalSection(SolutionProperties) = preSolution
		HideSolutionNode = FALSE
	EndGlobalSection
	GlobalSection(NestedProjects) = preSolution
		{D7FAE5B9-ACFC-42A9-855A-15C20E1AEFA4} = {2C28200C-7F11-4423-9D52-25B38F043DFC}
		{27D00FA4-FD16-4D7E-A09C-9B4C03817B41} = {A7876C2E-B424-42EA-9982-3EAEC71B3600}
		{3A4B0F01-1BB2-4ED1-B04A-148CD1A23533} = {0CE170C4-F8DA-400B-B929-9AD8EF0CF71D}
		{05A6FD74-974D-4C6D-B4FD-A1CFF7878D1D} = {CF004E7A-6F89-4C1F-9C75-2771CC3A6D69}
	EndGlobalSection
	GlobalSection(ExtensibilityGlobals) = postSolution
		SolutionGuid = {4816146C-5717-43DD-8AAD-6E5DA3669A26}
	EndGlobalSection
EndGlobal
